
Microsoft Visual Studio Solution File, Format Version 12.00
# Visual Studio 15
VisualStudioVersion = 15.0.28307.1831
MinimumVisualStudioVersion = 10.0.40219.1
Project("{FAE04EC0-301F-11D3-BF4B-00C04F79EFBC}") = "lab4", "lab4\lab4.csproj", "{DFBA9706-E372-4642-8D8E-D7C5A0F7D831}"
EndProject
Global
	GlobalSection(SolutionConfigurationPlatforms) = preSolution
		Debug|Any CPU = Debug|Any CPU
		Release|Any CPU = Release|Any CPU
	EndGlobalSection
	GlobalSection(ProjectConfigurationPlatforms) = postSolution
		{DFBA9706-E372-4642-8D8E-D7C5A0F7D831}.Debug|Any CPU.ActiveCfg = Debug|Any CPU
		{DFBA9706-E372-4642-8D8E-D7C5A0F7D831}.Debug|Any CPU.Build.0 = Debug|Any CPU
		{DFBA9706-E372-4642-8D8E-D7C5A0F7D831}.Release|Any CPU.ActiveCfg = Release|Any CPU
		{DFBA9706-E372-4642-8D8E-D7C5A0F7D831}.Release|Any CPU.Build.0 = Release|Any CPU
	EndGlobalSection
	GlobalSection(SolutionProperties) = preSolution
		HideSolutionNode = FALSE
	EndGlobalSection
	GlobalSection(ExtensibilityGlobals) = postSolution
		SolutionGuid = {F878919E-D391-434B-A664-A7574B8DB96F}
	EndGlobalSection
EndGlobal
